// !$*UTF8*$!
{
	archiveVersion = 1;
	classes = {
	};
	objectVersion = 56;
	objects = {

/* Begin PBXBuildFile section */
		BD6AFD50296DBD3B00284A2D /* AppDelegate.swift in Sources */ = {isa = PBXBuildFile; fileRef = BD6AFD4F296DBD3B00284A2D /* AppDelegate.swift */; };
		BD6AFD52296DBD3B00284A2D /* SceneDelegate.swift in Sources */ = {isa = PBXBuildFile; fileRef = BD6AFD51296DBD3B00284A2D /* SceneDelegate.swift */; };
		BD6AFD54296DBD3B00284A2D /* ViewController.swift in Sources */ = {isa = PBXBuildFile; fileRef = BD6AFD53296DBD3B00284A2D /* ViewController.swift */; };
		BD6AFD57296DBD3B00284A2D /* Main.storyboard in Resources */ = {isa = PBXBuildFile; fileRef = BD6AFD55296DBD3B00284A2D /* Main.storyboard */; };
		BD6AFD59296DBD3C00284A2D /* Assets.xcassets in Resources */ = {isa = PBXBuildFile; fileRef = BD6AFD58296DBD3C00284A2D /* Assets.xcassets */; };
		BD6AFD5C296DBD3C00284A2D /* LaunchScreen.storyboard in Resources */ = {isa = PBXBuildFile; fileRef = BD6AFD5A296DBD3C00284A2D /* LaunchScreen.storyboard */; };
		BD6AFD64296DBE2E00284A2D /* Lamp_off.png in Resources */ = {isa = PBXBuildFile; fileRef = BD6AFD63296DBE2E00284A2D /* Lamp_off.png */; };
		BD6AFD66296DBE8900284A2D /* ImageViewController.swift in Sources */ = {isa = PBXBuildFile; fileRef = BD6AFD65296DBE8800284A2D /* ImageViewController.swift */; };
		BD6AFD68296DC06600284A2D /* DateViewController.swift in Sources */ = {isa = PBXBuildFile; fileRef = BD6AFD67296DC06500284A2D /* DateViewController.swift */; };
		BD6AFD6A296DC2A100284A2D /* fileimage.png in Resources */ = {isa = PBXBuildFile; fileRef = BD6AFD69296DC2A100284A2D /* fileimage.png */; };
		BD6AFD6C296DC2BA00284A2D /* Lamp_on.png in Resources */ = {isa = PBXBuildFile; fileRef = BD6AFD6B296DC2BA00284A2D /* Lamp_on.png */; };
/* End PBXBuildFile section */

/* Begin PBXFileReference section */
		BD6AFD4C296DBD3B00284A2D /* Tab.app */ = {isa = PBXFileReference; explicitFileType = wrapper.application; includeInIndex = 0; path = Tab.app; sourceTree = BUILT_PRODUCTS_DIR; };
		BD6AFD4F296DBD3B00284A2D /* AppDelegate.swift */ = {isa = PBXFileReference; lastKnownFileType = sourcecode.swift; path = AppDelegate.swift; sourceTree = "<group>"; };
		BD6AFD51296DBD3B00284A2D /* SceneDelegate.swift */ = {isa = PBXFileReference; lastKnownFileType = sourcecode.swift; path = SceneDelegate.swift; sourceTree = "<group>"; };
		BD6AFD53296DBD3B00284A2D /* ViewController.swift */ = {isa = PBXFileReference; lastKnownFileType = sourcecode.swift; path = ViewController.swift; sourceTree = "<group>"; };
		BD6AFD56296DBD3B00284A2D /* Base */ = {isa = PBXFileReference; lastKnownFileType = file.storyboard; name = Base; path = Base.lproj/Main.storyboard; sourceTree = "<group>"; };
		BD6AFD58296DBD3C00284A2D /* Assets.xcassets */ = {isa = PBXFileReference; lastKnownFileType = folder.assetcatalog; path = Assets.xcassets; sourceTree = "<group>"; };
		BD6AFD5B296DBD3C00284A2D /* Base */ = {isa = PBXFileReference; lastKnownFileType = file.storyboard; name = Base; path = Base.lproj/LaunchScreen.storyboard; sourceTree = "<group>"; };
		BD6AFD5D296DBD3C00284A2D /* Info.plist */ = {isa = PBXFileReference; lastKnownFileType = text.plist.xml; path = Info.plist; sourceTree = "<group>"; };
		BD6AFD63296DBE2E00284A2D /* Lamp_off.png */ = {isa = PBXFileReference; lastKnownFileType = image.png; path = Lamp_off.png; sourceTree = "<group>"; };
		BD6AFD65296DBE8800284A2D /* ImageViewController.swift */ = {isa = PBXFileReference; fileEncoding = 4; lastKnownFileType = sourcecode.swift; path = ImageViewController.swift; sourceTree = "<group>"; };
		BD6AFD67296DC06500284A2D /* DateViewController.swift */ = {isa = PBXFileReference; fileEncoding = 4; lastKnownFileType = sourcecode.swift; path = DateViewController.swift; sourceTree = "<group>"; };
		BD6AFD69296DC2A100284A2D /* fileimage.png */ = {isa = PBXFileReference; lastKnownFileType = image.png; path = fileimage.png; sourceTree = "<group>"; };
		BD6AFD6B296DC2BA00284A2D /* Lamp_on.png */ = {isa = PBXFileReference; lastKnownFileType = image.png; path = Lamp_on.png; sourceTree = "<group>"; };
/* End PBXFileReference section */

/* Begin PBXFrameworksBuildPhase section */
		BD6AFD49296DBD3B00284A2D /* Frameworks */ = {
			isa = PBXFrameworksBuildPhase;
			buildActionMask = 2147483647;
			files = (
			);
			runOnlyForDeploymentPostprocessing = 0;
		};
/* End PBXFrameworksBuildPhase section */

/* Begin PBXGroup section */
		BD6AFD43296DBD3B00284A2D = {
			isa = PBXGroup;
			children = (
				BD6AFD4E296DBD3B00284A2D /* Tab */,
				BD6AFD4D296DBD3B00284A2D /* Products */,
			);
			sourceTree = "<group>";
		};
		BD6AFD4D296DBD3B00284A2D /* Products */ = {
			isa = PBXGroup;
			children = (
				BD6AFD4C296DBD3B00284A2D /* Tab.app */,
			);
			name = Products;
			sourceTree = "<group>";
		};
		BD6AFD4E296DBD3B00284A2D /* Tab */ = {
			isa = PBXGroup;
			children = (
				BD6AFD69296DC2A100284A2D /* fileimage.png */,
				BD6AFD63296DBE2E00284A2D /* Lamp_off.png */,
				BD6AFD6B296DC2BA00284A2D /* Lamp_on.png */,
				BD6AFD4F296DBD3B00284A2D /* AppDelegate.swift */,
				BD6AFD51296DBD3B00284A2D /* SceneDelegate.swift */,
				BD6AFD53296DBD3B00284A2D /* ViewController.swift */,
				BD6AFD65296DBE8800284A2D /* ImageViewController.swift */,
				BD6AFD67296DC06500284A2D /* DateViewController.swift */,
				BD6AFD55296DBD3B00284A2D /* Main.storyboard */,
				BD6AFD58296DBD3C00284A2D /* Assets.xcassets */,
				BD6AFD5A296DBD3C00284A2D /* LaunchScreen.storyboard */,
				BD6AFD5D296DBD3C00284A2D /* Info.plist */,
			);
			path = Tab;
			sourceTree = "<group>";
		};
/* End PBXGroup section */

/* Begin PBXNativeTarget section */
		BD6AFD4B296DBD3B00284A2D /* Tab */ = {
			isa = PBXNativeTarget;
			buildConfigurationList = BD6AFD60296DBD3C00284A2D /* Build configuration list for PBXNativeTarget "Tab" */;
			buildPhases = (
				BD6AFD48296DBD3B00284A2D /* Sources */,
				BD6AFD49296DBD3B00284A2D /* Frameworks */,
				BD6AFD4A296DBD3B00284A2D /* Resources */,
			);
			buildRules = (
			);
			dependencies = (
			);
			name = Tab;
			productName = Tab;
			productReference = BD6AFD4C296DBD3B00284A2D /* Tab.app */;
			productType = "com.apple.product-type.application";
		};
/* End PBXNativeTarget section */

/* Begin PBXProject section */
		BD6AFD44296DBD3B00284A2D /* Project object */ = {
			isa = PBXProject;
			attributes = {
				BuildIndependentTargetsInParallel = 1;
				LastSwiftUpdateCheck = 1420;
				LastUpgradeCheck = 1420;
				TargetAttributes = {
					BD6AFD4B296DBD3B00284A2D = {
						CreatedOnToolsVersion = 14.2;
					};
				};
			};
			buildConfigurationList = BD6AFD47296DBD3B00284A2D /* Build configuration list for PBXProject "Tab" */;
			compatibilityVersion = "Xcode 14.0";
			developmentRegion = en;
			hasScannedForEncodings = 0;
			knownRegions = (
				en,
				Base,
			);
			mainGroup = BD6AFD43296DBD3B00284A2D;
			productRefGroup = BD6AFD4D296DBD3B00284A2D /* Products */;
			projectDirPath = "";
			projectRoot = "";
			targets = (
				BD6AFD4B296DBD3B00284A2D /* Tab */,
			);
		};
/* End PBXProject section */

/* Begin PBXResourcesBuildPhase section */
		BD6AFD4A296DBD3B00284A2D /* Resources */ = {
			isa = PBXResourcesBuildPhase;
			buildActionMask = 2147483647;
			files = (
				BD6AFD5C296DBD3C00284A2D /* LaunchScreen.storyboard in Resources */,
				BD6AFD59296DBD3C00284A2D /* Assets.xcassets in Resources */,
				BD6AFD6C296DC2BA00284A2D /* Lamp_on.png in Resources */,
				BD6AFD6A296DC2A100284A2D /* fileimage.png in Resources */,
				BD6AFD57296DBD3B00284A2D /* Main.storyboard in Resources */,
				BD6AFD64296DBE2E00284A2D /* Lamp_off.png in Resources */,
			);
			runOnlyForDeploymentPostprocessing = 0;
		};
/* End PBXResourcesBuildPhase section */

/* Begin PBXSourcesBuildPhase section */
		BD6AFD48296DBD3B00284A2D /* Sources */ = {
			isa = PBXSourcesBuildPhase;
			buildActionMask = 2147483647;
			files = (
				BD6AFD68296DC06600284A2D /* DateViewController.swift in Sources */,
				BD6AFD54296DBD3B00284A2D /* ViewController.swift in Sources */,
				BD6AFD50296DBD3B00284A2D /* AppDelegate.swift in Sources */,
				BD6AFD66296DBE8900284A2D /* ImageViewController.swift in Sources */,
				BD6AFD52296DBD3B00284A2D /* SceneDelegate.swift in Sources */,
			);
			runOnlyForDeploymentPostprocessing = 0;
		};
/* End PBXSourcesBuildPhase section */

/* Begin PBXVariantGroup section */
		BD6AFD55296DBD3B00284A2D /* Main.storyboard */ = {
			isa = PBXVariantGroup;
			children = (
				BD6AFD56296DBD3B00284A2D /* Base */,
			);
			name = Main.storyboard;
			sourceTree = "<group>";
		};
		BD6AFD5A296DBD3C00284A2D /* LaunchScreen.storyboard */ = {
			isa = PBXVariantGroup;
			children = (
				BD6AFD5B296DBD3C00284A2D /* Base */,
			);
			name = LaunchScreen.storyboard;
			sourceTree = "<group>";
		};
/* End PBXVariantGroup section */

/* Begin XCBuildConfiguration section */
		BD6AFD5E296DBD3C00284A2D /* Debug */ = {
			isa = XCBuildConfiguration;
			buildSettings = {
				ALWAYS_SEARCH_USER_PATHS = NO;
				CLANG_ANALYZER_NONNULL = YES;
				CLANG_ANALYZER_NUMBER_OBJECT_CONVERSION = YES_AGGRESSIVE;
				CLANG_CXX_LANGUAGE_STANDARD = "gnu++20";
				CLANG_ENABLE_MODULES = YES;
				CLANG_ENABLE_OBJC_ARC = YES;
				CLANG_ENABLE_OBJC_WEAK = YES;
				CLANG_WARN_BLOCK_CAPTURE_AUTORELEASING = YES;
				CLANG_WARN_BOOL_CONVERSION = YES;
				CLANG_WARN_COMMA = YES;
				CLANG_WARN_CONSTANT_CONVERSION = YES;
				CLANG_WARN_DEPRECATED_OBJC_IMPLEMENTATIONS = YES;
				CLANG_WARN_DIRECT_OBJC_ISA_USAGE = YES_ERROR;
				CLANG_WARN_DOCUMENTATION_COMMENTS = YES;
				CLANG_WARN_EMPTY_BODY = YES;
				CLANG_WARN_ENUM_CONVERSION = YES;
				CLANG_WARN_INFINITE_RECURSION = YES;
				CLANG_WARN_INT_CONVERSION = YES;
				CLANG_WARN_NON_LITERAL_NULL_CONVERSION = YES;
				CLANG_WARN_OBJC_IMPLICIT_RETAIN_SELF = YES;
				CLANG_WARN_OBJC_LITERAL_CONVERSION = YES;
				CLANG_WARN_OBJC_ROOT_CLASS = YES_ERROR;
				CLANG_WARN_QUOTED_INCLUDE_IN_FRAMEWORK_HEADER = YES;
				CLANG_WARN_RANGE_LOOP_ANALYSIS = YES;
				CLANG_WARN_STRICT_PROTOTYPES = YES;
				CLANG_WARN_SUSPICIOUS_MOVE = YES;
				CLANG_WARN_UNGUARDED_AVAILABILITY = YES_AGGRESSIVE;
				CLANG_WARN_UNREACHABLE_CODE = YES;
				CLANG_WARN__DUPLICATE_METHOD_MATCH = YES;
				COPY_PHASE_STRIP = NO;
				DEBUG_INFORMATION_FORMAT = dwarf;
				ENABLE_STRICT_OBJC_MSGSEND = YES;
				ENABLE_TESTABILITY = YES;
				GCC_C_LANGUAGE_STANDARD = gnu11;
				GCC_DYNAMIC_NO_PIC = NO;
				GCC_NO_COMMON_BLOCKS = YES;
				GCC_OPTIMIZATION_LEVEL = 0;
				GCC_PREPROCESSOR_DEFINITIONS = (
					"DEBUG=1",
					"$(inherited)",
				);
				GCC_WARN_64_TO_32_BIT_CONVERSION = YES;
				GCC_WARN_ABOUT_RETURN_TYPE = YES_ERROR;
				GCC_WARN_UNDECLARED_SELECTOR = YES;
				GCC_WARN_UNINITIALIZED_AUTOS = YES_AGGRESSIVE;
				GCC_WARN_UNUSED_FUNCTION = YES;
				GCC_WARN_UNUSED_VARIABLE = YES;
				IPHONEOS_DEPLOYMENT_TARGET = 16.2;
				MTL_ENABLE_DEBUG_INFO = INCLUDE_SOURCE;
				MTL_FAST_MATH = YES;
				ONLY_ACTIVE_ARCH = YES;
				SDKROOT = iphoneos;
				SWIFT_ACTIVE_COMPILATION_CONDITIONS = DEBUG;
				SWIFT_OPTIMIZATION_LEVEL = "-Onone";
			};
			name = Debug;
		};
		BD6AFD5F296DBD3C00284A2D /* Release */ = {
			isa = XCBuildConfiguration;
			buildSettings = {
				ALWAYS_SEARCH_USER_PATHS = NO;
				CLANG_ANALYZER_NONNULL = YES;
				CLANG_ANALYZER_NUMBER_OBJECT_CONVERSION = YES_AGGRESSIVE;
				CLANG_CXX_LANGUAGE_STANDARD = "gnu++20";
				CLANG_ENABLE_MODULES = YES;
				CLANG_ENABLE_OBJC_ARC = YES;
				CLANG_ENABLE_OBJC_WEAK = YES;
				CLANG_WARN_BLOCK_CAPTURE_AUTORELEASING = YES;
				CLANG_WARN_BOOL_CONVERSION = YES;
				CLANG_WARN_COMMA = YES;
				CLANG_WARN_CONSTANT_CONVERSION = YES;
				CLANG_WARN_DEPRECATED_OBJC_IMPLEMENTATIONS = YES;
				CLANG_WARN_DIRECT_OBJC_ISA_USAGE = YES_ERROR;
				CLANG_WARN_DOCUMENTATION_COMMENTS = YES;
				CLANG_WARN_EMPTY_BODY = YES;
				CLANG_WARN_ENUM_CONVERSION = YES;
				CLANG_WARN_INFINITE_RECURSION = YES;
				CLANG_WARN_INT_CONVERSION = YES;
				CLANG_WARN_NON_LITERAL_NULL_CONVERSION = YES;
				CLANG_WARN_OBJC_IMPLICIT_RETAIN_SELF = YES;
				CLANG_WARN_OBJC_LITERAL_CONVERSION = YES;
				CLANG_WARN_OBJC_ROOT_CLASS = YES_ERROR;
				CLANG_WARN_QUOTED_INCLUDE_IN_FRAMEWORK_HEADER = YES;
				CLANG_WARN_RANGE_LOOP_ANALYSIS = YES;
				CLANG_WARN_STRICT_PROTOTYPES = YES;
				CLANG_WARN_SUSPICIOUS_MOVE = YES;
				CLANG_WARN_UNGUARDED_AVAILABILITY = YES_AGGRESSIVE;
				CLANG_WARN_UNREACHABLE_CODE = YES;
				CLANG_WARN__DUPLICATE_METHOD_MATCH = YES;
				COPY_PHASE_STRIP = NO;
				DEBUG_INFORMATION_FORMAT = "dwarf-with-dsym";
				ENABLE_NS_ASSERTIONS = NO;
				ENABLE_STRICT_OBJC_MSGSEND = YES;
				GCC_C_LANGUAGE_STANDARD = gnu11;
				GCC_NO_COMMON_BLOCKS = YES;
				GCC_WARN_64_TO_32_BIT_CONVERSION = YES;
				GCC_WARN_ABOUT_RETURN_TYPE = YES_ERROR;
				GCC_WARN_UNDECLARED_SELECTOR = YES;
				GCC_WARN_UNINITIALIZED_AUTOS = YES_AGGRESSIVE;
				GCC_WARN_UNUSED_FUNCTION = YES;
				GCC_WARN_UNUSED_VARIABLE = YES;
				IPHONEOS_DEPLOYMENT_TARGET = 16.2;
				MTL_ENABLE_DEBUG_INFO = NO;
				MTL_FAST_MATH = YES;
				SDKROOT = iphoneos;
				SWIFT_COMPILATION_MODE = wholemodule;
				SWIFT_OPTIMIZATION_LEVEL = "-O";
				VALIDATE_PRODUCT = YES;
			};
			name = Release;
		};
		BD6AFD61296DBD3C00284A2D /* Debug */ = {
			isa = XCBuildConfiguration;
			buildSettings = {
				ASSETCATALOG_COMPILER_APPICON_NAME = AppIcon;
				ASSETCATALOG_COMPILER_GLOBAL_ACCENT_COLOR_NAME = AccentColor;
				CODE_SIGN_STYLE = Automatic;
				CURRENT_PROJECT_VERSION = 1;
				GENERATE_INFOPLIST_FILE = YES;
				INFOPLIST_FILE = Tab/Info.plist;
				INFOPLIST_KEY_UIApplicationSupportsIndirectInputEvents = YES;
				INFOPLIST_KEY_UILaunchStoryboardName = LaunchScreen;
				INFOPLIST_KEY_UIMainStoryboardFile = Main;
				INFOPLIST_KEY_UISupportedInterfaceOrientations_iPad = "UIInterfaceOrientationPortrait UIInterfaceOrientationPortraitUpsideDown UIInterfaceOrientationLandscapeLeft UIInterfaceOrientationLandscapeRight";
				INFOPLIST_KEY_UISupportedInterfaceOrientations_iPhone = "UIInterfaceOrientationPortrait UIInterfaceOrientationLandscapeLeft UIInterfaceOrientationLandscapeRight";
				LD_RUNPATH_SEARCH_PATHS = (
					"$(inherited)",
					"@executable_path/Frameworks",
				);
				MARKETING_VERSION = 1.0;
				PRODUCT_BUNDLE_IDENTIFIER = com.eunji.Tab;
				PRODUCT_NAME = "$(TARGET_NAME)";
				SWIFT_EMIT_LOC_STRINGS = YES;
				SWIFT_VERSION = 5.0;
				TARGETED_DEVICE_FAMILY = "1,2";
			};
			name = Debug;
		};
		BD6AFD62296DBD3C00284A2D /* Release */ = {
			isa = XCBuildConfiguration;
			buildSettings = {
				ASSETCATALOG_COMPILER_APPICON_NAME = AppIcon;
				ASSETCATALOG_COMPILER_GLOBAL_ACCENT_COLOR_NAME = AccentColor;
				CODE_SIGN_STYLE = Automatic;
				CURRENT_PROJECT_VERSION = 1;
				GENERATE_INFOPLIST_FILE = YES;
				INFOPLIST_FILE = Tab/Info.plist;
				INFOPLIST_KEY_UIApplicationSupportsIndirectInputEvents = YES;
				INFOPLIST_KEY_UILaunchStoryboardName = LaunchScreen;
				INFOPLIST_KEY_UIMainStoryboardFile = Main;
				INFOPLIST_KEY_UISupportedInterfaceOrientations_iPad = "UIInterfaceOrientationPortrait UIInterfaceOrientationPortraitUpsideDown UIInterfaceOrientationLandscapeLeft UIInterfaceOrientationLandscapeRight";
				INFOPLIST_KEY_UISupportedInterfaceOrientations_iPhone = "UIInterfaceOrientationPortrait UIInterfaceOrientationLandscapeLeft UIInterfaceOrientationLandscapeRight";
				LD_RUNPATH_SEARCH_PATHS = (
					"$(inherited)",
					"@executable_path/Frameworks",
				);
				MARKETING_VERSION = 1.0;
				PRODUCT_BUNDLE_IDENTIFIER = com.eunji.Tab;
				PRODUCT_NAME = "$(TARGET_NAME)";
				SWIFT_EMIT_LOC_STRINGS = YES;
				SWIFT_VERSION = 5.0;
				TARGETED_DEVICE_FAMILY = "1,2";
			};
			name = Release;
		};
/* End XCBuildConfiguration section */

/* Begin XCConfigurationList section */
		BD6AFD47296DBD3B00284A2D /* Build configuration list for PBXProject "Tab" */ = {
			isa = XCConfigurationList;
			buildConfigurations = (
				BD6AFD5E296DBD3C00284A2D /* Debug */,
				BD6AFD5F296DBD3C00284A2D /* Release */,
			);
			defaultConfigurationIsVisible = 0;
			defaultConfigurationName = Release;
		};
		BD6AFD60296DBD3C00284A2D /* Build configuration list for PBXNativeTarget "Tab" */ = {
			isa = XCConfigurationList;
			buildConfigurations = (
				BD6AFD61296DBD3C00284A2D /* Debug */,
				BD6AFD62296DBD3C00284A2D /* Release */,
			);
			defaultConfigurationIsVisible = 0;
			defaultConfigurationName = Release;
		};
/* End XCConfigurationList section */
	};
	rootObject = BD6AFD44296DBD3B00284A2D /* Project object */;
}
