// !$*UTF8*$!
{
	archiveVersion = 1;
	classes = {
	};
	objectVersion = 55;
	objects = {

/* Begin PBXBuildFile section */
		BD6BEF0A2967277F001F4A99 /* AppDelegate.swift in Sources */ = {isa = PBXBuildFile; fileRef = BD6BEF092967277F001F4A99 /* AppDelegate.swift */; };
		BD6BEF0C2967277F001F4A99 /* SceneDelegate.swift in Sources */ = {isa = PBXBuildFile; fileRef = BD6BEF0B2967277F001F4A99 /* SceneDelegate.swift */; };
		BD6BEF0E2967277F001F4A99 /* ViewController.swift in Sources */ = {isa = PBXBuildFile; fileRef = BD6BEF0D2967277F001F4A99 /* ViewController.swift */; };
		BD6BEF112967277F001F4A99 /* Main.storyboard in Resources */ = {isa = PBXBuildFile; fileRef = BD6BEF0F2967277F001F4A99 /* Main.storyboard */; };
		BD6BEF1329672781001F4A99 /* Assets.xcassets in Resources */ = {isa = PBXBuildFile; fileRef = BD6BEF1229672781001F4A99 /* Assets.xcassets */; };
		BD6BEF1629672781001F4A99 /* LaunchScreen.storyboard in Resources */ = {isa = PBXBuildFile; fileRef = BD6BEF1429672781001F4A99 /* LaunchScreen.storyboard */; };
		BD6BEF2029672899001F4A99 /* lamp_turnOn.png in Resources */ = {isa = PBXBuildFile; fileRef = BD6BEF1D29672899001F4A99 /* lamp_turnOn.png */; };
		BD6BEF2129672899001F4A99 /* lamp_remove.png in Resources */ = {isa = PBXBuildFile; fileRef = BD6BEF1E29672899001F4A99 /* lamp_remove.png */; };
		BD6BEF2229672899001F4A99 /* lamp_turnOff.png in Resources */ = {isa = PBXBuildFile; fileRef = BD6BEF1F29672899001F4A99 /* lamp_turnOff.png */; };
/* End PBXBuildFile section */

/* Begin PBXFileReference section */
		BD6BEF062967277F001F4A99 /* Alert.app */ = {isa = PBXFileReference; explicitFileType = wrapper.application; includeInIndex = 0; path = Alert.app; sourceTree = BUILT_PRODUCTS_DIR; };
		BD6BEF092967277F001F4A99 /* AppDelegate.swift */ = {isa = PBXFileReference; lastKnownFileType = sourcecode.swift; path = AppDelegate.swift; sourceTree = "<group>"; };
		BD6BEF0B2967277F001F4A99 /* SceneDelegate.swift */ = {isa = PBXFileReference; lastKnownFileType = sourcecode.swift; path = SceneDelegate.swift; sourceTree = "<group>"; };
		BD6BEF0D2967277F001F4A99 /* ViewController.swift */ = {isa = PBXFileReference; lastKnownFileType = sourcecode.swift; path = ViewController.swift; sourceTree = "<group>"; };
		BD6BEF102967277F001F4A99 /* Base */ = {isa = PBXFileReference; lastKnownFileType = file.storyboard; name = Base; path = Base.lproj/Main.storyboard; sourceTree = "<group>"; };
		BD6BEF1229672781001F4A99 /* Assets.xcassets */ = {isa = PBXFileReference; lastKnownFileType = folder.assetcatalog; path = Assets.xcassets; sourceTree = "<group>"; };
		BD6BEF1529672781001F4A99 /* Base */ = {isa = PBXFileReference; lastKnownFileType = file.storyboard; name = Base; path = Base.lproj/LaunchScreen.storyboard; sourceTree = "<group>"; };
		BD6BEF1729672781001F4A99 /* Info.plist */ = {isa = PBXFileReference; lastKnownFileType = text.plist.xml; path = Info.plist; sourceTree = "<group>"; };
		BD6BEF1D29672899001F4A99 /* lamp_turnOn.png */ = {isa = PBXFileReference; lastKnownFileType = image.png; path = lamp_turnOn.png; sourceTree = "<group>"; };
		BD6BEF1E29672899001F4A99 /* lamp_remove.png */ = {isa = PBXFileReference; lastKnownFileType = image.png; path = lamp_remove.png; sourceTree = "<group>"; };
		BD6BEF1F29672899001F4A99 /* lamp_turnOff.png */ = {isa = PBXFileReference; lastKnownFileType = image.png; path = lamp_turnOff.png; sourceTree = "<group>"; };
/* End PBXFileReference section */

/* Begin PBXFrameworksBuildPhase section */
		BD6BEF032967277F001F4A99 /* Frameworks */ = {
			isa = PBXFrameworksBuildPhase;
			buildActionMask = 2147483647;
			files = (
			);
			runOnlyForDeploymentPostprocessing = 0;
		};
/* End PBXFrameworksBuildPhase section */

/* Begin PBXGroup section */
		BD6BEEFD2967277F001F4A99 = {
			isa = PBXGroup;
			children = (
				BD6BEF082967277F001F4A99 /* Alert */,
				BD6BEF072967277F001F4A99 /* Products */,
			);
			sourceTree = "<group>";
		};
		BD6BEF072967277F001F4A99 /* Products */ = {
			isa = PBXGroup;
			children = (
				BD6BEF062967277F001F4A99 /* Alert.app */,
			);
			name = Products;
			sourceTree = "<group>";
		};
		BD6BEF082967277F001F4A99 /* Alert */ = {
			isa = PBXGroup;
			children = (
				BD6BEF1E29672899001F4A99 /* lamp_remove.png */,
				BD6BEF1F29672899001F4A99 /* lamp_turnOff.png */,
				BD6BEF1D29672899001F4A99 /* lamp_turnOn.png */,
				BD6BEF092967277F001F4A99 /* AppDelegate.swift */,
				BD6BEF0B2967277F001F4A99 /* SceneDelegate.swift */,
				BD6BEF0D2967277F001F4A99 /* ViewController.swift */,
				BD6BEF0F2967277F001F4A99 /* Main.storyboard */,
				BD6BEF1229672781001F4A99 /* Assets.xcassets */,
				BD6BEF1429672781001F4A99 /* LaunchScreen.storyboard */,
				BD6BEF1729672781001F4A99 /* Info.plist */,
			);
			path = Alert;
			sourceTree = "<group>";
		};
/* End PBXGroup section */

/* Begin PBXNativeTarget section */
		BD6BEF052967277F001F4A99 /* Alert */ = {
			isa = PBXNativeTarget;
			buildConfigurationList = BD6BEF1A29672781001F4A99 /* Build configuration list for PBXNativeTarget "Alert" */;
			buildPhases = (
				BD6BEF022967277F001F4A99 /* Sources */,
				BD6BEF032967277F001F4A99 /* Frameworks */,
				BD6BEF042967277F001F4A99 /* Resources */,
			);
			buildRules = (
			);
			dependencies = (
			);
			name = Alert;
			productName = Alert;
			productReference = BD6BEF062967277F001F4A99 /* Alert.app */;
			productType = "com.apple.product-type.application";
		};
/* End PBXNativeTarget section */

/* Begin PBXProject section */
		BD6BEEFE2967277F001F4A99 /* Project object */ = {
			isa = PBXProject;
			attributes = {
				BuildIndependentTargetsInParallel = 1;
				LastSwiftUpdateCheck = 1320;
				LastUpgradeCheck = 1320;
				TargetAttributes = {
					BD6BEF052967277F001F4A99 = {
						CreatedOnToolsVersion = 13.2.1;
					};
				};
			};
			buildConfigurationList = BD6BEF012967277F001F4A99 /* Build configuration list for PBXProject "Alert" */;
			compatibilityVersion = "Xcode 13.0";
			developmentRegion = en;
			hasScannedForEncodings = 0;
			knownRegions = (
				en,
				Base,
			);
			mainGroup = BD6BEEFD2967277F001F4A99;
			productRefGroup = BD6BEF072967277F001F4A99 /* Products */;
			projectDirPath = "";
			projectRoot = "";
			targets = (
				BD6BEF052967277F001F4A99 /* Alert */,
			);
		};
/* End PBXProject section */

/* Begin PBXResourcesBuildPhase section */
		BD6BEF042967277F001F4A99 /* Resources */ = {
			isa = PBXResourcesBuildPhase;
			buildActionMask = 2147483647;
			files = (
				BD6BEF1629672781001F4A99 /* LaunchScreen.storyboard in Resources */,
				BD6BEF2029672899001F4A99 /* lamp_turnOn.png in Resources */,
				BD6BEF2229672899001F4A99 /* lamp_turnOff.png in Resources */,
				BD6BEF2129672899001F4A99 /* lamp_remove.png in Resources */,
				BD6BEF1329672781001F4A99 /* Assets.xcassets in Resources */,
				BD6BEF112967277F001F4A99 /* Main.storyboard in Resources */,
			);
			runOnlyForDeploymentPostprocessing = 0;
		};
/* End PBXResourcesBuildPhase section */

/* Begin PBXSourcesBuildPhase section */
		BD6BEF022967277F001F4A99 /* Sources */ = {
			isa = PBXSourcesBuildPhase;
			buildActionMask = 2147483647;
			files = (
				BD6BEF0E2967277F001F4A99 /* ViewController.swift in Sources */,
				BD6BEF0A2967277F001F4A99 /* AppDelegate.swift in Sources */,
				BD6BEF0C2967277F001F4A99 /* SceneDelegate.swift in Sources */,
			);
			runOnlyForDeploymentPostprocessing = 0;
		};
/* End PBXSourcesBuildPhase section */

/* Begin PBXVariantGroup section */
		BD6BEF0F2967277F001F4A99 /* Main.storyboard */ = {
			isa = PBXVariantGroup;
			children = (
				BD6BEF102967277F001F4A99 /* Base */,
			);
			name = Main.storyboard;
			sourceTree = "<group>";
		};
		BD6BEF1429672781001F4A99 /* LaunchScreen.storyboard */ = {
			isa = PBXVariantGroup;
			children = (
				BD6BEF1529672781001F4A99 /* Base */,
			);
			name = LaunchScreen.storyboard;
			sourceTree = "<group>";
		};
/* End PBXVariantGroup section */

/* Begin XCBuildConfiguration section */
		BD6BEF1829672781001F4A99 /* Debug */ = {
			isa = XCBuildConfiguration;
			buildSettings = {
				ALWAYS_SEARCH_USER_PATHS = NO;
				CLANG_ANALYZER_NONNULL = YES;
				CLANG_ANALYZER_NUMBER_OBJECT_CONVERSION = YES_AGGRESSIVE;
				CLANG_CXX_LANGUAGE_STANDARD = "gnu++17";
				CLANG_CXX_LIBRARY = "libc++";
				CLANG_ENABLE_MODULES = YES;
				CLANG_ENABLE_OBJC_ARC = YES;
				CLANG_ENABLE_OBJC_WEAK = YES;
				CLANG_WARN_BLOCK_CAPTURE_AUTORELEASING = YES;
				CLANG_WARN_BOOL_CONVERSION = YES;
				CLANG_WARN_COMMA = YES;
				CLANG_WARN_CONSTANT_CONVERSION = YES;
				CLANG_WARN_DEPRECATED_OBJC_IMPLEMENTATIONS = YES;
				CLANG_WARN_DIRECT_OBJC_ISA_USAGE = YES_ERROR;
				CLANG_WARN_DOCUMENTATION_COMMENTS = YES;
				CLANG_WARN_EMPTY_BODY = YES;
				CLANG_WARN_ENUM_CONVERSION = YES;
				CLANG_WARN_INFINITE_RECURSION = YES;
				CLANG_WARN_INT_CONVERSION = YES;
				CLANG_WARN_NON_LITERAL_NULL_CONVERSION = YES;
				CLANG_WARN_OBJC_IMPLICIT_RETAIN_SELF = YES;
				CLANG_WARN_OBJC_LITERAL_CONVERSION = YES;
				CLANG_WARN_OBJC_ROOT_CLASS = YES_ERROR;
				CLANG_WARN_QUOTED_INCLUDE_IN_FRAMEWORK_HEADER = YES;
				CLANG_WARN_RANGE_LOOP_ANALYSIS = YES;
				CLANG_WARN_STRICT_PROTOTYPES = YES;
				CLANG_WARN_SUSPICIOUS_MOVE = YES;
				CLANG_WARN_UNGUARDED_AVAILABILITY = YES_AGGRESSIVE;
				CLANG_WARN_UNREACHABLE_CODE = YES;
				CLANG_WARN__DUPLICATE_METHOD_MATCH = YES;
				COPY_PHASE_STRIP = NO;
				DEBUG_INFORMATION_FORMAT = dwarf;
				ENABLE_STRICT_OBJC_MSGSEND = YES;
				ENABLE_TESTABILITY = YES;
				GCC_C_LANGUAGE_STANDARD = gnu11;
				GCC_DYNAMIC_NO_PIC = NO;
				GCC_NO_COMMON_BLOCKS = YES;
				GCC_OPTIMIZATION_LEVEL = 0;
				GCC_PREPROCESSOR_DEFINITIONS = (
					"DEBUG=1",
					"$(inherited)",
				);
				GCC_WARN_64_TO_32_BIT_CONVERSION = YES;
				GCC_WARN_ABOUT_RETURN_TYPE = YES_ERROR;
				GCC_WARN_UNDECLARED_SELECTOR = YES;
				GCC_WARN_UNINITIALIZED_AUTOS = YES_AGGRESSIVE;
				GCC_WARN_UNUSED_FUNCTION = YES;
				GCC_WARN_UNUSED_VARIABLE = YES;
				IPHONEOS_DEPLOYMENT_TARGET = 15.2;
				MTL_ENABLE_DEBUG_INFO = INCLUDE_SOURCE;
				MTL_FAST_MATH = YES;
				ONLY_ACTIVE_ARCH = YES;
				SDKROOT = iphoneos;
				SWIFT_ACTIVE_COMPILATION_CONDITIONS = DEBUG;
				SWIFT_OPTIMIZATION_LEVEL = "-Onone";
			};
			name = Debug;
		};
		BD6BEF1929672781001F4A99 /* Release */ = {
			isa = XCBuildConfiguration;
			buildSettings = {
				ALWAYS_SEARCH_USER_PATHS = NO;
				CLANG_ANALYZER_NONNULL = YES;
				CLANG_ANALYZER_NUMBER_OBJECT_CONVERSION = YES_AGGRESSIVE;
				CLANG_CXX_LANGUAGE_STANDARD = "gnu++17";
				CLANG_CXX_LIBRARY = "libc++";
				CLANG_ENABLE_MODULES = YES;
				CLANG_ENABLE_OBJC_ARC = YES;
				CLANG_ENABLE_OBJC_WEAK = YES;
				CLANG_WARN_BLOCK_CAPTURE_AUTORELEASING = YES;
				CLANG_WARN_BOOL_CONVERSION = YES;
				CLANG_WARN_COMMA = YES;
				CLANG_WARN_CONSTANT_CONVERSION = YES;
				CLANG_WARN_DEPRECATED_OBJC_IMPLEMENTATIONS = YES;
				CLANG_WARN_DIRECT_OBJC_ISA_USAGE = YES_ERROR;
				CLANG_WARN_DOCUMENTATION_COMMENTS = YES;
				CLANG_WARN_EMPTY_BODY = YES;
				CLANG_WARN_ENUM_CONVERSION = YES;
				CLANG_WARN_INFINITE_RECURSION = YES;
				CLANG_WARN_INT_CONVERSION = YES;
				CLANG_WARN_NON_LITERAL_NULL_CONVERSION = YES;
				CLANG_WARN_OBJC_IMPLICIT_RETAIN_SELF = YES;
				CLANG_WARN_OBJC_LITERAL_CONVERSION = YES;
				CLANG_WARN_OBJC_ROOT_CLASS = YES_ERROR;
				CLANG_WARN_QUOTED_INCLUDE_IN_FRAMEWORK_HEADER = YES;
				CLANG_WARN_RANGE_LOOP_ANALYSIS = YES;
				CLANG_WARN_STRICT_PROTOTYPES = YES;
				CLANG_WARN_SUSPICIOUS_MOVE = YES;
				CLANG_WARN_UNGUARDED_AVAILABILITY = YES_AGGRESSIVE;
				CLANG_WARN_UNREACHABLE_CODE = YES;
				CLANG_WARN__DUPLICATE_METHOD_MATCH = YES;
				COPY_PHASE_STRIP = NO;
				DEBUG_INFORMATION_FORMAT = "dwarf-with-dsym";
				ENABLE_NS_ASSERTIONS = NO;
				ENABLE_STRICT_OBJC_MSGSEND = YES;
				GCC_C_LANGUAGE_STANDARD = gnu11;
				GCC_NO_COMMON_BLOCKS = YES;
				GCC_WARN_64_TO_32_BIT_CONVERSION = YES;
				GCC_WARN_ABOUT_RETURN_TYPE = YES_ERROR;
				GCC_WARN_UNDECLARED_SELECTOR = YES;
				GCC_WARN_UNINITIALIZED_AUTOS = YES_AGGRESSIVE;
				GCC_WARN_UNUSED_FUNCTION = YES;
				GCC_WARN_UNUSED_VARIABLE = YES;
				IPHONEOS_DEPLOYMENT_TARGET = 15.2;
				MTL_ENABLE_DEBUG_INFO = NO;
				MTL_FAST_MATH = YES;
				SDKROOT = iphoneos;
				SWIFT_COMPILATION_MODE = wholemodule;
				SWIFT_OPTIMIZATION_LEVEL = "-O";
				VALIDATE_PRODUCT = YES;
			};
			name = Release;
		};
		BD6BEF1B29672781001F4A99 /* Debug */ = {
			isa = XCBuildConfiguration;
			buildSettings = {
				ASSETCATALOG_COMPILER_APPICON_NAME = AppIcon;
				ASSETCATALOG_COMPILER_GLOBAL_ACCENT_COLOR_NAME = AccentColor;
				CODE_SIGN_STYLE = Automatic;
				CURRENT_PROJECT_VERSION = 1;
				GENERATE_INFOPLIST_FILE = YES;
				INFOPLIST_FILE = Alert/Info.plist;
				INFOPLIST_KEY_UIApplicationSupportsIndirectInputEvents = YES;
				INFOPLIST_KEY_UILaunchStoryboardName = LaunchScreen;
				INFOPLIST_KEY_UIMainStoryboardFile = Main;
				INFOPLIST_KEY_UISupportedInterfaceOrientations_iPad = "UIInterfaceOrientationPortrait UIInterfaceOrientationPortraitUpsideDown UIInterfaceOrientationLandscapeLeft UIInterfaceOrientationLandscapeRight";
				INFOPLIST_KEY_UISupportedInterfaceOrientations_iPhone = "UIInterfaceOrientationPortrait UIInterfaceOrientationLandscapeLeft UIInterfaceOrientationLandscapeRight";
				LD_RUNPATH_SEARCH_PATHS = (
					"$(inherited)",
					"@executable_path/Frameworks",
				);
				MARKETING_VERSION = 1.0;
				PRODUCT_BUNDLE_IDENTIFIER = com.eunji.Alert;
				PRODUCT_NAME = "$(TARGET_NAME)";
				SWIFT_EMIT_LOC_STRINGS = YES;
				SWIFT_VERSION = 5.0;
				TARGETED_DEVICE_FAMILY = "1,2";
			};
			name = Debug;
		};
		BD6BEF1C29672781001F4A99 /* Release */ = {
			isa = XCBuildConfiguration;
			buildSettings = {
				ASSETCATALOG_COMPILER_APPICON_NAME = AppIcon;
				ASSETCATALOG_COMPILER_GLOBAL_ACCENT_COLOR_NAME = AccentColor;
				CODE_SIGN_STYLE = Automatic;
				CURRENT_PROJECT_VERSION = 1;
				GENERATE_INFOPLIST_FILE = YES;
				INFOPLIST_FILE = Alert/Info.plist;
				INFOPLIST_KEY_UIApplicationSupportsIndirectInputEvents = YES;
				INFOPLIST_KEY_UILaunchStoryboardName = LaunchScreen;
				INFOPLIST_KEY_UIMainStoryboardFile = Main;
				INFOPLIST_KEY_UISupportedInterfaceOrientations_iPad = "UIInterfaceOrientationPortrait UIInterfaceOrientationPortraitUpsideDown UIInterfaceOrientationLandscapeLeft UIInterfaceOrientationLandscapeRight";
				INFOPLIST_KEY_UISupportedInterfaceOrientations_iPhone = "UIInterfaceOrientationPortrait UIInterfaceOrientationLandscapeLeft UIInterfaceOrientationLandscapeRight";
				LD_RUNPATH_SEARCH_PATHS = (
					"$(inherited)",
					"@executable_path/Frameworks",
				);
				MARKETING_VERSION = 1.0;
				PRODUCT_BUNDLE_IDENTIFIER = com.eunji.Alert;
				PRODUCT_NAME = "$(TARGET_NAME)";
				SWIFT_EMIT_LOC_STRINGS = YES;
				SWIFT_VERSION = 5.0;
				TARGETED_DEVICE_FAMILY = "1,2";
			};
			name = Release;
		};
/* End XCBuildConfiguration section */

/* Begin XCConfigurationList section */
		BD6BEF012967277F001F4A99 /* Build configuration list for PBXProject "Alert" */ = {
			isa = XCConfigurationList;
			buildConfigurations = (
				BD6BEF1829672781001F4A99 /* Debug */,
				BD6BEF1929672781001F4A99 /* Release */,
			);
			defaultConfigurationIsVisible = 0;
			defaultConfigurationName = Release;
		};
		BD6BEF1A29672781001F4A99 /* Build configuration list for PBXNativeTarget "Alert" */ = {
			isa = XCConfigurationList;
			buildConfigurations = (
				BD6BEF1B29672781001F4A99 /* Debug */,
				BD6BEF1C29672781001F4A99 /* Release */,
			);
			defaultConfigurationIsVisible = 0;
			defaultConfigurationName = Release;
		};
/* End XCConfigurationList section */
	};
	rootObject = BD6BEEFE2967277F001F4A99 /* Project object */;
}
